
Microsoft Visual Studio Solution File, Format Version 12.00
# Visual Studio Version 17
VisualStudioVersion = 17.8.34330.188
MinimumVisualStudioVersion = 10.0.40219.1
Project("{9A19103F-16F7-4668-BE54-9A1E7A4F7556}") = "SchoolManagementApi", "D.Application\SchoolManagementApi.csproj", "{9CEEAB63-BE64-4865-92B2-67C3F009D839}"
EndProject
Project("{9A19103F-16F7-4668-BE54-9A1E7A4F7556}") = "Contracts", "A.Contracts\Contracts.csproj", "{72BF4C79-B9E9-467D-98A6-67443DEF7C2C}"
EndProject
Project("{9A19103F-16F7-4668-BE54-9A1E7A4F7556}") = "Business", "C.Business\Business.csproj", "{399B8A8D-27C2-40CB-A0A3-E6CAE9C76224}"
EndProject
Project("{9A19103F-16F7-4668-BE54-9A1E7A4F7556}") = "NotificationApi", "ProducerApi\NotificationApi.csproj", "{09AF43CA-8150-4853-81C2-2F9DF52DBB46}"
EndProject
Project("{2150E333-8FDC-42A3-9474-1A3956D46DE8}") = "Notification", "Notification", "{ACF9DA34-938B-4B7D-97BD-9E49ABE1446B}"
EndProject
Project("{2150E333-8FDC-42A3-9474-1A3956D46DE8}") = "SchoolManagement", "SchoolManagement", "{E4056A40-AA2E-4F8E-9089-DD106EC193E6}"
EndProject
Project("{9A19103F-16F7-4668-BE54-9A1E7A4F7556}") = "Database", "Database\Database.csproj", "{7E678971-7CC2-48FC-AA84-6A92CAA5B23C}"
EndProject
Project("{9A19103F-16F7-4668-BE54-9A1E7A4F7556}") = "NotificationApi.Repository", "NotificationApi.Repository\NotificationApi.Repository.csproj", "{B8DC7311-DDAD-4417-A6FD-6FC1D8A32054}"
EndProject
Project("{9A19103F-16F7-4668-BE54-9A1E7A4F7556}") = "NotificationApi.Business", "NotificationApi.Business\NotificationApi.Business.csproj", "{376441DD-2E51-4E79-9294-1FF25CBDF0D7}"
EndProject
Project("{9A19103F-16F7-4668-BE54-9A1E7A4F7556}") = "NotificationApi.Contracts", "NotificationApi.Contracts\NotificationApi.Contracts.csproj", "{7FD92FDE-D814-4E6C-A5DA-6511DCD8D53E}"
EndProject
Project("{2150E333-8FDC-42A3-9474-1A3956D46DE8}") = "Shared", "Shared", "{F06CA994-2DA8-44EB-A173-6FA93E4D9A68}"
EndProject
Project("{9A19103F-16F7-4668-BE54-9A1E7A4F7556}") = "SchoolManagement.Shared", "SchoolManagement.Contract.Shared\SchoolManagement.Shared.csproj", "{DDB2421B-473A-48B0-90B1-23E4D6AC95B1}"
EndProject
Global
	GlobalSection(SolutionConfigurationPlatforms) = preSolution
		Debug|Any CPU = Debug|Any CPU
		Release|Any CPU = Release|Any CPU
	EndGlobalSection
	GlobalSection(ProjectConfigurationPlatforms) = postSolution
		{9CEEAB63-BE64-4865-92B2-67C3F009D839}.Debug|Any CPU.ActiveCfg = Debug|Any CPU
		{9CEEAB63-BE64-4865-92B2-67C3F009D839}.Debug|Any CPU.Build.0 = Debug|Any CPU
		{9CEEAB63-BE64-4865-92B2-67C3F009D839}.Release|Any CPU.ActiveCfg = Release|Any CPU
		{9CEEAB63-BE64-4865-92B2-67C3F009D839}.Release|Any CPU.Build.0 = Release|Any CPU
		{72BF4C79-B9E9-467D-98A6-67443DEF7C2C}.Debug|Any CPU.ActiveCfg = Debug|Any CPU
		{72BF4C79-B9E9-467D-98A6-67443DEF7C2C}.Debug|Any CPU.Build.0 = Debug|Any CPU
		{72BF4C79-B9E9-467D-98A6-67443DEF7C2C}.Release|Any CPU.ActiveCfg = Release|Any CPU
		{72BF4C79-B9E9-467D-98A6-67443DEF7C2C}.Release|Any CPU.Build.0 = Release|Any CPU
		{399B8A8D-27C2-40CB-A0A3-E6CAE9C76224}.Debug|Any CPU.ActiveCfg = Debug|Any CPU
		{399B8A8D-27C2-40CB-A0A3-E6CAE9C76224}.Debug|Any CPU.Build.0 = Debug|Any CPU
		{399B8A8D-27C2-40CB-A0A3-E6CAE9C76224}.Release|Any CPU.ActiveCfg = Release|Any CPU
		{399B8A8D-27C2-40CB-A0A3-E6CAE9C76224}.Release|Any CPU.Build.0 = Release|Any CPU
		{09AF43CA-8150-4853-81C2-2F9DF52DBB46}.Debug|Any CPU.ActiveCfg = Debug|Any CPU
		{09AF43CA-8150-4853-81C2-2F9DF52DBB46}.Debug|Any CPU.Build.0 = Debug|Any CPU
		{09AF43CA-8150-4853-81C2-2F9DF52DBB46}.Release|Any CPU.ActiveCfg = Release|Any CPU
		{09AF43CA-8150-4853-81C2-2F9DF52DBB46}.Release|Any CPU.Build.0 = Release|Any CPU
		{7E678971-7CC2-48FC-AA84-6A92CAA5B23C}.Debug|Any CPU.ActiveCfg = Debug|Any CPU
		{7E678971-7CC2-48FC-AA84-6A92CAA5B23C}.Debug|Any CPU.Build.0 = Debug|Any CPU
		{7E678971-7CC2-48FC-AA84-6A92CAA5B23C}.Release|Any CPU.ActiveCfg = Release|Any CPU
		{7E678971-7CC2-48FC-AA84-6A92CAA5B23C}.Release|Any CPU.Build.0 = Release|Any CPU
		{B8DC7311-DDAD-4417-A6FD-6FC1D8A32054}.Debug|Any CPU.ActiveCfg = Debug|Any CPU
		{B8DC7311-DDAD-4417-A6FD-6FC1D8A32054}.Debug|Any CPU.Build.0 = Debug|Any CPU
		{B8DC7311-DDAD-4417-A6FD-6FC1D8A32054}.Release|Any CPU.ActiveCfg = Release|Any CPU
		{B8DC7311-DDAD-4417-A6FD-6FC1D8A32054}.Release|Any CPU.Build.0 = Release|Any CPU
		{376441DD-2E51-4E79-9294-1FF25CBDF0D7}.Debug|Any CPU.ActiveCfg = Debug|Any CPU
		{376441DD-2E51-4E79-9294-1FF25CBDF0D7}.Debug|Any CPU.Build.0 = Debug|Any CPU
		{376441DD-2E51-4E79-9294-1FF25CBDF0D7}.Release|Any CPU.ActiveCfg = Release|Any CPU
		{376441DD-2E51-4E79-9294-1FF25CBDF0D7}.Release|Any CPU.Build.0 = Release|Any CPU
		{7FD92FDE-D814-4E6C-A5DA-6511DCD8D53E}.Debug|Any CPU.ActiveCfg = Debug|Any CPU
		{7FD92FDE-D814-4E6C-A5DA-6511DCD8D53E}.Debug|Any CPU.Build.0 = Debug|Any CPU
		{7FD92FDE-D814-4E6C-A5DA-6511DCD8D53E}.Release|Any CPU.ActiveCfg = Release|Any CPU
		{7FD92FDE-D814-4E6C-A5DA-6511DCD8D53E}.Release|Any CPU.Build.0 = Release|Any CPU
		{DDB2421B-473A-48B0-90B1-23E4D6AC95B1}.Debug|Any CPU.ActiveCfg = Debug|Any CPU
		{DDB2421B-473A-48B0-90B1-23E4D6AC95B1}.Debug|Any CPU.Build.0 = Debug|Any CPU
		{DDB2421B-473A-48B0-90B1-23E4D6AC95B1}.Release|Any CPU.ActiveCfg = Release|Any CPU
		{DDB2421B-473A-48B0-90B1-23E4D6AC95B1}.Release|Any CPU.Build.0 = Release|Any CPU
	EndGlobalSection
	GlobalSection(SolutionProperties) = preSolution
		HideSolutionNode = FALSE
	EndGlobalSection
	GlobalSection(NestedProjects) = preSolution
		{9CEEAB63-BE64-4865-92B2-67C3F009D839} = {E4056A40-AA2E-4F8E-9089-DD106EC193E6}
		{72BF4C79-B9E9-467D-98A6-67443DEF7C2C} = {E4056A40-AA2E-4F8E-9089-DD106EC193E6}
		{399B8A8D-27C2-40CB-A0A3-E6CAE9C76224} = {E4056A40-AA2E-4F8E-9089-DD106EC193E6}
		{09AF43CA-8150-4853-81C2-2F9DF52DBB46} = {ACF9DA34-938B-4B7D-97BD-9E49ABE1446B}
		{7E678971-7CC2-48FC-AA84-6A92CAA5B23C} = {E4056A40-AA2E-4F8E-9089-DD106EC193E6}
		{B8DC7311-DDAD-4417-A6FD-6FC1D8A32054} = {ACF9DA34-938B-4B7D-97BD-9E49ABE1446B}
		{376441DD-2E51-4E79-9294-1FF25CBDF0D7} = {ACF9DA34-938B-4B7D-97BD-9E49ABE1446B}
		{7FD92FDE-D814-4E6C-A5DA-6511DCD8D53E} = {ACF9DA34-938B-4B7D-97BD-9E49ABE1446B}
		{DDB2421B-473A-48B0-90B1-23E4D6AC95B1} = {F06CA994-2DA8-44EB-A173-6FA93E4D9A68}
	EndGlobalSection
	GlobalSection(ExtensibilityGlobals) = postSolution
		SolutionGuid = {3BB68637-5347-4332-B2CC-1CFDB73F66F6}
	EndGlobalSection
EndGlobal
