
Microsoft Visual Studio Solution File, Format Version 12.00
# Visual Studio Version 17
VisualStudioVersion = 17.8.34330.188
MinimumVisualStudioVersion = 10.0.40219.1
Project("{9A19103F-16F7-4668-BE54-9A1E7A4F7556}") = "D.SchoolManagementApi", "D.Application\D.SchoolManagementApi.csproj", "{9CEEAB63-BE64-4865-92B2-67C3F009D839}"
EndProject
Project("{9A19103F-16F7-4668-BE54-9A1E7A4F7556}") = "A.Contracts", "A.Contracts\A.Contracts.csproj", "{72BF4C79-B9E9-467D-98A6-67443DEF7C2C}"
EndProject
Project("{9A19103F-16F7-4668-BE54-9A1E7A4F7556}") = "B.Database", "B.Database\B.Database.csproj", "{B306C205-49D5-4148-9916-D3AFE1ECA86A}"
EndProject
Project("{9A19103F-16F7-4668-BE54-9A1E7A4F7556}") = "C.Business", "C.Business\C.Business.csproj", "{399B8A8D-27C2-40CB-A0A3-E6CAE9C76224}"
EndProject
Project("{9A19103F-16F7-4668-BE54-9A1E7A4F7556}") = "4.NotificationApi", "ProducerApi\4.NotificationApi.csproj", "{09AF43CA-8150-4853-81C2-2F9DF52DBB46}"
EndProject
Project("{2150E333-8FDC-42A3-9474-1A3956D46DE8}") = "Notification", "Notification", "{ACF9DA34-938B-4B7D-97BD-9E49ABE1446B}"
EndProject
Project("{2150E333-8FDC-42A3-9474-1A3956D46DE8}") = "SchoolManagement", "SchoolManagement", "{E4056A40-AA2E-4F8E-9089-DD106EC193E6}"
EndProject
Project("{FAE04EC0-301F-11D3-BF4B-00C04F79EFBC}") = "2.Repository", "Repository\2.Repository.csproj", "{01A156FF-720B-47A9-A666-056BDB450164}"
EndProject
Project("{FAE04EC0-301F-11D3-BF4B-00C04F79EFBC}") = "3.Business", "3.Business\3.Business.csproj", "{D7FC4F3D-399D-444B-BE00-AF86A407E71D}"
EndProject
Project("{FAE04EC0-301F-11D3-BF4B-00C04F79EFBC}") = "1.Contracts", "1.Contracts\1.Contracts.csproj", "{FA03D25D-498A-42D5-B7DE-1B45CB48F253}"
EndProject
Global
	GlobalSection(SolutionConfigurationPlatforms) = preSolution
		Debug|Any CPU = Debug|Any CPU
		Release|Any CPU = Release|Any CPU
	EndGlobalSection
	GlobalSection(ProjectConfigurationPlatforms) = postSolution
		{9CEEAB63-BE64-4865-92B2-67C3F009D839}.Debug|Any CPU.ActiveCfg = Debug|Any CPU
		{9CEEAB63-BE64-4865-92B2-67C3F009D839}.Debug|Any CPU.Build.0 = Debug|Any CPU
		{9CEEAB63-BE64-4865-92B2-67C3F009D839}.Release|Any CPU.ActiveCfg = Release|Any CPU
		{9CEEAB63-BE64-4865-92B2-67C3F009D839}.Release|Any CPU.Build.0 = Release|Any CPU
		{72BF4C79-B9E9-467D-98A6-67443DEF7C2C}.Debug|Any CPU.ActiveCfg = Debug|Any CPU
		{72BF4C79-B9E9-467D-98A6-67443DEF7C2C}.Debug|Any CPU.Build.0 = Debug|Any CPU
		{72BF4C79-B9E9-467D-98A6-67443DEF7C2C}.Release|Any CPU.ActiveCfg = Release|Any CPU
		{72BF4C79-B9E9-467D-98A6-67443DEF7C2C}.Release|Any CPU.Build.0 = Release|Any CPU
		{B306C205-49D5-4148-9916-D3AFE1ECA86A}.Debug|Any CPU.ActiveCfg = Debug|Any CPU
		{B306C205-49D5-4148-9916-D3AFE1ECA86A}.Debug|Any CPU.Build.0 = Debug|Any CPU
		{B306C205-49D5-4148-9916-D3AFE1ECA86A}.Release|Any CPU.ActiveCfg = Release|Any CPU
		{B306C205-49D5-4148-9916-D3AFE1ECA86A}.Release|Any CPU.Build.0 = Release|Any CPU
		{399B8A8D-27C2-40CB-A0A3-E6CAE9C76224}.Debug|Any CPU.ActiveCfg = Debug|Any CPU
		{399B8A8D-27C2-40CB-A0A3-E6CAE9C76224}.Debug|Any CPU.Build.0 = Debug|Any CPU
		{399B8A8D-27C2-40CB-A0A3-E6CAE9C76224}.Release|Any CPU.ActiveCfg = Release|Any CPU
		{399B8A8D-27C2-40CB-A0A3-E6CAE9C76224}.Release|Any CPU.Build.0 = Release|Any CPU
		{09AF43CA-8150-4853-81C2-2F9DF52DBB46}.Debug|Any CPU.ActiveCfg = Debug|Any CPU
		{09AF43CA-8150-4853-81C2-2F9DF52DBB46}.Debug|Any CPU.Build.0 = Debug|Any CPU
		{09AF43CA-8150-4853-81C2-2F9DF52DBB46}.Release|Any CPU.ActiveCfg = Release|Any CPU
		{09AF43CA-8150-4853-81C2-2F9DF52DBB46}.Release|Any CPU.Build.0 = Release|Any CPU
		{01A156FF-720B-47A9-A666-056BDB450164}.Debug|Any CPU.ActiveCfg = Debug|Any CPU
		{01A156FF-720B-47A9-A666-056BDB450164}.Debug|Any CPU.Build.0 = Debug|Any CPU
		{01A156FF-720B-47A9-A666-056BDB450164}.Release|Any CPU.ActiveCfg = Release|Any CPU
		{01A156FF-720B-47A9-A666-056BDB450164}.Release|Any CPU.Build.0 = Release|Any CPU
		{D7FC4F3D-399D-444B-BE00-AF86A407E71D}.Debug|Any CPU.ActiveCfg = Debug|Any CPU
		{D7FC4F3D-399D-444B-BE00-AF86A407E71D}.Debug|Any CPU.Build.0 = Debug|Any CPU
		{D7FC4F3D-399D-444B-BE00-AF86A407E71D}.Release|Any CPU.ActiveCfg = Release|Any CPU
		{D7FC4F3D-399D-444B-BE00-AF86A407E71D}.Release|Any CPU.Build.0 = Release|Any CPU
		{FA03D25D-498A-42D5-B7DE-1B45CB48F253}.Debug|Any CPU.ActiveCfg = Debug|Any CPU
		{FA03D25D-498A-42D5-B7DE-1B45CB48F253}.Debug|Any CPU.Build.0 = Debug|Any CPU
		{FA03D25D-498A-42D5-B7DE-1B45CB48F253}.Release|Any CPU.ActiveCfg = Release|Any CPU
		{FA03D25D-498A-42D5-B7DE-1B45CB48F253}.Release|Any CPU.Build.0 = Release|Any CPU
	EndGlobalSection
	GlobalSection(SolutionProperties) = preSolution
		HideSolutionNode = FALSE
	EndGlobalSection
	GlobalSection(NestedProjects) = preSolution
		{9CEEAB63-BE64-4865-92B2-67C3F009D839} = {E4056A40-AA2E-4F8E-9089-DD106EC193E6}
		{72BF4C79-B9E9-467D-98A6-67443DEF7C2C} = {E4056A40-AA2E-4F8E-9089-DD106EC193E6}
		{B306C205-49D5-4148-9916-D3AFE1ECA86A} = {E4056A40-AA2E-4F8E-9089-DD106EC193E6}
		{399B8A8D-27C2-40CB-A0A3-E6CAE9C76224} = {E4056A40-AA2E-4F8E-9089-DD106EC193E6}
		{09AF43CA-8150-4853-81C2-2F9DF52DBB46} = {ACF9DA34-938B-4B7D-97BD-9E49ABE1446B}
		{01A156FF-720B-47A9-A666-056BDB450164} = {ACF9DA34-938B-4B7D-97BD-9E49ABE1446B}
		{D7FC4F3D-399D-444B-BE00-AF86A407E71D} = {ACF9DA34-938B-4B7D-97BD-9E49ABE1446B}
		{FA03D25D-498A-42D5-B7DE-1B45CB48F253} = {ACF9DA34-938B-4B7D-97BD-9E49ABE1446B}
	EndGlobalSection
	GlobalSection(ExtensibilityGlobals) = postSolution
		SolutionGuid = {3BB68637-5347-4332-B2CC-1CFDB73F66F6}
	EndGlobalSection
EndGlobal
